// !$*UTF8*$!
{
	archiveVersion = 1;
	classes = {
	};
	objectVersion = 50;
	objects = {

/* Begin PBXBuildFile section */
		AA4DEA122568F25500F28364 /* OOP_TutorialApp.swift in Sources */ = {isa = PBXBuildFile; fileRef = AA4DEA112568F25500F28364 /* OOP_TutorialApp.swift */; };
		AA4DEA142568F25500F28364 /* ContentView.swift in Sources */ = {isa = PBXBuildFile; fileRef = AA4DEA132568F25500F28364 /* ContentView.swift */; };
		AA4DEA162568F25A00F28364 /* Assets.xcassets in Resources */ = {isa = PBXBuildFile; fileRef = AA4DEA152568F25A00F28364 /* Assets.xcassets */; };
		AA4DEA192568F25A00F28364 /* Preview Assets.xcassets in Resources */ = {isa = PBXBuildFile; fileRef = AA4DEA182568F25A00F28364 /* Preview Assets.xcassets */; };
		AA4DEA242568F25A00F28364 /* OOP_TutorialTests.swift in Sources */ = {isa = PBXBuildFile; fileRef = AA4DEA232568F25A00F28364 /* OOP_TutorialTests.swift */; };
		AA4DEA2F2568F25A00F28364 /* OOP_TutorialUITests.swift in Sources */ = {isa = PBXBuildFile; fileRef = AA4DEA2E2568F25A00F28364 /* OOP_TutorialUITests.swift */; };
/* End PBXBuildFile section */

/* Begin PBXContainerItemProxy section */
		AA4DEA202568F25A00F28364 /* PBXContainerItemProxy */ = {
			isa = PBXContainerItemProxy;
			containerPortal = AA4DEA062568F25500F28364 /* Project object */;
			proxyType = 1;
			remoteGlobalIDString = AA4DEA0D2568F25500F28364;
			remoteInfo = "OOP-Tutorial";
		};
		AA4DEA2B2568F25A00F28364 /* PBXContainerItemProxy */ = {
			isa = PBXContainerItemProxy;
			containerPortal = AA4DEA062568F25500F28364 /* Project object */;
			proxyType = 1;
			remoteGlobalIDString = AA4DEA0D2568F25500F28364;
			remoteInfo = "OOP-Tutorial";
		};
/* End PBXContainerItemProxy section */

/* Begin PBXFileReference section */
		AA4DEA0E2568F25500F28364 /* OOP-Tutorial.app */ = {isa = PBXFileReference; explicitFileType = wrapper.application; includeInIndex = 0; path = "OOP-Tutorial.app"; sourceTree = BUILT_PRODUCTS_DIR; };
		AA4DEA112568F25500F28364 /* OOP_TutorialApp.swift */ = {isa = PBXFileReference; lastKnownFileType = sourcecode.swift; path = OOP_TutorialApp.swift; sourceTree = "<group>"; };
		AA4DEA132568F25500F28364 /* ContentView.swift */ = {isa = PBXFileReference; lastKnownFileType = sourcecode.swift; path = ContentView.swift; sourceTree = "<group>"; };
		AA4DEA152568F25A00F28364 /* Assets.xcassets */ = {isa = PBXFileReference; lastKnownFileType = folder.assetcatalog; path = Assets.xcassets; sourceTree = "<group>"; };
		AA4DEA182568F25A00F28364 /* Preview Assets.xcassets */ = {isa = PBXFileReference; lastKnownFileType = folder.assetcatalog; path = "Preview Assets.xcassets"; sourceTree = "<group>"; };
		AA4DEA1A2568F25A00F28364 /* Info.plist */ = {isa = PBXFileReference; lastKnownFileType = text.plist.xml; path = Info.plist; sourceTree = "<group>"; };
		AA4DEA1F2568F25A00F28364 /* OOP-TutorialTests.xctest */ = {isa = PBXFileReference; explicitFileType = wrapper.cfbundle; includeInIndex = 0; path = "OOP-TutorialTests.xctest"; sourceTree = BUILT_PRODUCTS_DIR; };
		AA4DEA232568F25A00F28364 /* OOP_TutorialTests.swift */ = {isa = PBXFileReference; lastKnownFileType = sourcecode.swift; path = OOP_TutorialTests.swift; sourceTree = "<group>"; };
		AA4DEA252568F25A00F28364 /* Info.plist */ = {isa = PBXFileReference; lastKnownFileType = text.plist.xml; path = Info.plist; sourceTree = "<group>"; };
		AA4DEA2A2568F25A00F28364 /* OOP-TutorialUITests.xctest */ = {isa = PBXFileReference; explicitFileType = wrapper.cfbundle; includeInIndex = 0; path = "OOP-TutorialUITests.xctest"; sourceTree = BUILT_PRODUCTS_DIR; };
		AA4DEA2E2568F25A00F28364 /* OOP_TutorialUITests.swift */ = {isa = PBXFileReference; lastKnownFileType = sourcecode.swift; path = OOP_TutorialUITests.swift; sourceTree = "<group>"; };
		AA4DEA302568F25A00F28364 /* Info.plist */ = {isa = PBXFileReference; lastKnownFileType = text.plist.xml; path = Info.plist; sourceTree = "<group>"; };
/* End PBXFileReference section */

/* Begin PBXFrameworksBuildPhase section */
		AA4DEA0B2568F25500F28364 /* Frameworks */ = {
			isa = PBXFrameworksBuildPhase;
			buildActionMask = 2147483647;
			files = (
			);
			runOnlyForDeploymentPostprocessing = 0;
		};
		AA4DEA1C2568F25A00F28364 /* Frameworks */ = {
			isa = PBXFrameworksBuildPhase;
			buildActionMask = 2147483647;
			files = (
			);
			runOnlyForDeploymentPostprocessing = 0;
		};
		AA4DEA272568F25A00F28364 /* Frameworks */ = {
			isa = PBXFrameworksBuildPhase;
			buildActionMask = 2147483647;
			files = (
			);
			runOnlyForDeploymentPostprocessing = 0;
		};
/* End PBXFrameworksBuildPhase section */

/* Begin PBXGroup section */
		AA4DEA052568F25500F28364 = {
			isa = PBXGroup;
			children = (
				AA4DEA102568F25500F28364 /* OOP-Tutorial */,
				AA4DEA222568F25A00F28364 /* OOP-TutorialTests */,
				AA4DEA2D2568F25A00F28364 /* OOP-TutorialUITests */,
				AA4DEA0F2568F25500F28364 /* Products */,
			);
			sourceTree = "<group>";
		};
		AA4DEA0F2568F25500F28364 /* Products */ = {
			isa = PBXGroup;
			children = (
				AA4DEA0E2568F25500F28364 /* OOP-Tutorial.app */,
				AA4DEA1F2568F25A00F28364 /* OOP-TutorialTests.xctest */,
				AA4DEA2A2568F25A00F28364 /* OOP-TutorialUITests.xctest */,
			);
			name = Products;
			sourceTree = "<group>";
		};
		AA4DEA102568F25500F28364 /* OOP-Tutorial */ = {
			isa = PBXGroup;
			children = (
				AA4DEA112568F25500F28364 /* OOP_TutorialApp.swift */,
				AA4DEA132568F25500F28364 /* ContentView.swift */,
				AA4DEA152568F25A00F28364 /* Assets.xcassets */,
				AA4DEA1A2568F25A00F28364 /* Info.plist */,
				AA4DEA172568F25A00F28364 /* Preview Content */,
			);
			path = "OOP-Tutorial";
			sourceTree = "<group>";
		};
		AA4DEA172568F25A00F28364 /* Preview Content */ = {
			isa = PBXGroup;
			children = (
				AA4DEA182568F25A00F28364 /* Preview Assets.xcassets */,
			);
			path = "Preview Content";
			sourceTree = "<group>";
		};
		AA4DEA222568F25A00F28364 /* OOP-TutorialTests */ = {
			isa = PBXGroup;
			children = (
				AA4DEA232568F25A00F28364 /* OOP_TutorialTests.swift */,
				AA4DEA252568F25A00F28364 /* Info.plist */,
			);
			path = "OOP-TutorialTests";
			sourceTree = "<group>";
		};
		AA4DEA2D2568F25A00F28364 /* OOP-TutorialUITests */ = {
			isa = PBXGroup;
			children = (
				AA4DEA2E2568F25A00F28364 /* OOP_TutorialUITests.swift */,
				AA4DEA302568F25A00F28364 /* Info.plist */,
			);
			path = "OOP-TutorialUITests";
			sourceTree = "<group>";
		};
/* End PBXGroup section */

/* Begin PBXNativeTarget section */
		AA4DEA0D2568F25500F28364 /* OOP-Tutorial */ = {
			isa = PBXNativeTarget;
			buildConfigurationList = AA4DEA332568F25A00F28364 /* Build configuration list for PBXNativeTarget "OOP-Tutorial" */;
			buildPhases = (
				AA4DEA0A2568F25500F28364 /* Sources */,
				AA4DEA0B2568F25500F28364 /* Frameworks */,
				AA4DEA0C2568F25500F28364 /* Resources */,
			);
			buildRules = (
			);
			dependencies = (
			);
			name = "OOP-Tutorial";
			productName = "OOP-Tutorial";
			productReference = AA4DEA0E2568F25500F28364 /* OOP-Tutorial.app */;
			productType = "com.apple.product-type.application";
		};
		AA4DEA1E2568F25A00F28364 /* OOP-TutorialTests */ = {
			isa = PBXNativeTarget;
			buildConfigurationList = AA4DEA362568F25A00F28364 /* Build configuration list for PBXNativeTarget "OOP-TutorialTests" */;
			buildPhases = (
				AA4DEA1B2568F25A00F28364 /* Sources */,
				AA4DEA1C2568F25A00F28364 /* Frameworks */,
				AA4DEA1D2568F25A00F28364 /* Resources */,
			);
			buildRules = (
			);
			dependencies = (
				AA4DEA212568F25A00F28364 /* PBXTargetDependency */,
			);
			name = "OOP-TutorialTests";
			productName = "OOP-TutorialTests";
			productReference = AA4DEA1F2568F25A00F28364 /* OOP-TutorialTests.xctest */;
			productType = "com.apple.product-type.bundle.unit-test";
		};
		AA4DEA292568F25A00F28364 /* OOP-TutorialUITests */ = {
			isa = PBXNativeTarget;
			buildConfigurationList = AA4DEA392568F25A00F28364 /* Build configuration list for PBXNativeTarget "OOP-TutorialUITests" */;
			buildPhases = (
				AA4DEA262568F25A00F28364 /* Sources */,
				AA4DEA272568F25A00F28364 /* Frameworks */,
				AA4DEA282568F25A00F28364 /* Resources */,
			);
			buildRules = (
			);
			dependencies = (
				AA4DEA2C2568F25A00F28364 /* PBXTargetDependency */,
			);
			name = "OOP-TutorialUITests";
			productName = "OOP-TutorialUITests";
			productReference = AA4DEA2A2568F25A00F28364 /* OOP-TutorialUITests.xctest */;
			productType = "com.apple.product-type.bundle.ui-testing";
		};
/* End PBXNativeTarget section */

/* Begin PBXProject section */
		AA4DEA062568F25500F28364 /* Project object */ = {
			isa = PBXProject;
			attributes = {
				LastSwiftUpdateCheck = 1200;
				LastUpgradeCheck = 1200;
				TargetAttributes = {
					AA4DEA0D2568F25500F28364 = {
						CreatedOnToolsVersion = 12.0;
					};
					AA4DEA1E2568F25A00F28364 = {
						CreatedOnToolsVersion = 12.0;
						TestTargetID = AA4DEA0D2568F25500F28364;
					};
					AA4DEA292568F25A00F28364 = {
						CreatedOnToolsVersion = 12.0;
						TestTargetID = AA4DEA0D2568F25500F28364;
					};
				};
			};
			buildConfigurationList = AA4DEA092568F25500F28364 /* Build configuration list for PBXProject "OOP-Tutorial" */;
			compatibilityVersion = "Xcode 9.3";
			developmentRegion = en;
			hasScannedForEncodings = 0;
			knownRegions = (
				en,
				Base,
			);
			mainGroup = AA4DEA052568F25500F28364;
			productRefGroup = AA4DEA0F2568F25500F28364 /* Products */;
			projectDirPath = "";
			projectRoot = "";
			targets = (
				AA4DEA0D2568F25500F28364 /* OOP-Tutorial */,
				AA4DEA1E2568F25A00F28364 /* OOP-TutorialTests */,
				AA4DEA292568F25A00F28364 /* OOP-TutorialUITests */,
			);
		};
/* End PBXProject section */

/* Begin PBXResourcesBuildPhase section */
		AA4DEA0C2568F25500F28364 /* Resources */ = {
			isa = PBXResourcesBuildPhase;
			buildActionMask = 2147483647;
			files = (
				AA4DEA192568F25A00F28364 /* Preview Assets.xcassets in Resources */,
				AA4DEA162568F25A00F28364 /* Assets.xcassets in Resources */,
			);
			runOnlyForDeploymentPostprocessing = 0;
		};
		AA4DEA1D2568F25A00F28364 /* Resources */ = {
			isa = PBXResourcesBuildPhase;
			buildActionMask = 2147483647;
			files = (
			);
			runOnlyForDeploymentPostprocessing = 0;
		};
		AA4DEA282568F25A00F28364 /* Resources */ = {
			isa = PBXResourcesBuildPhase;
			buildActionMask = 2147483647;
			files = (
			);
			runOnlyForDeploymentPostprocessing = 0;
		};
/* End PBXResourcesBuildPhase section */

/* Begin PBXSourcesBuildPhase section */
		AA4DEA0A2568F25500F28364 /* Sources */ = {
			isa = PBXSourcesBuildPhase;
			buildActionMask = 2147483647;
			files = (
				AA4DEA142568F25500F28364 /* ContentView.swift in Sources */,
				AA4DEA122568F25500F28364 /* OOP_TutorialApp.swift in Sources */,
			);
			runOnlyForDeploymentPostprocessing = 0;
		};
		AA4DEA1B2568F25A00F28364 /* Sources */ = {
			isa = PBXSourcesBuildPhase;
			buildActionMask = 2147483647;
			files = (
				AA4DEA242568F25A00F28364 /* OOP_TutorialTests.swift in Sources */,
			);
			runOnlyForDeploymentPostprocessing = 0;
		};
		AA4DEA262568F25A00F28364 /* Sources */ = {
			isa = PBXSourcesBuildPhase;
			buildActionMask = 2147483647;
			files = (
				AA4DEA2F2568F25A00F28364 /* OOP_TutorialUITests.swift in Sources */,
			);
			runOnlyForDeploymentPostprocessing = 0;
		};
/* End PBXSourcesBuildPhase section */

/* Begin PBXTargetDependency section */
		AA4DEA212568F25A00F28364 /* PBXTargetDependency */ = {
			isa = PBXTargetDependency;
			target = AA4DEA0D2568F25500F28364 /* OOP-Tutorial */;
			targetProxy = AA4DEA202568F25A00F28364 /* PBXContainerItemProxy */;
		};
		AA4DEA2C2568F25A00F28364 /* PBXTargetDependency */ = {
			isa = PBXTargetDependency;
			target = AA4DEA0D2568F25500F28364 /* OOP-Tutorial */;
			targetProxy = AA4DEA2B2568F25A00F28364 /* PBXContainerItemProxy */;
		};
/* End PBXTargetDependency section */

/* Begin XCBuildConfiguration section */
		AA4DEA312568F25A00F28364 /* Debug */ = {
			isa = XCBuildConfiguration;
			buildSettings = {
				ALWAYS_SEARCH_USER_PATHS = NO;
				CLANG_ANALYZER_NONNULL = YES;
				CLANG_ANALYZER_NUMBER_OBJECT_CONVERSION = YES_AGGRESSIVE;
				CLANG_CXX_LANGUAGE_STANDARD = "gnu++14";
				CLANG_CXX_LIBRARY = "libc++";
				CLANG_ENABLE_MODULES = YES;
				CLANG_ENABLE_OBJC_ARC = YES;
				CLANG_ENABLE_OBJC_WEAK = YES;
				CLANG_WARN_BLOCK_CAPTURE_AUTORELEASING = YES;
				CLANG_WARN_BOOL_CONVERSION = YES;
				CLANG_WARN_COMMA = YES;
				CLANG_WARN_CONSTANT_CONVERSION = YES;
				CLANG_WARN_DEPRECATED_OBJC_IMPLEMENTATIONS = YES;
				CLANG_WARN_DIRECT_OBJC_ISA_USAGE = YES_ERROR;
				CLANG_WARN_DOCUMENTATION_COMMENTS = YES;
				CLANG_WARN_EMPTY_BODY = YES;
				CLANG_WARN_ENUM_CONVERSION = YES;
				CLANG_WARN_INFINITE_RECURSION = YES;
				CLANG_WARN_INT_CONVERSION = YES;
				CLANG_WARN_NON_LITERAL_NULL_CONVERSION = YES;
				CLANG_WARN_OBJC_IMPLICIT_RETAIN_SELF = YES;
				CLANG_WARN_OBJC_LITERAL_CONVERSION = YES;
				CLANG_WARN_OBJC_ROOT_CLASS = YES_ERROR;
				CLANG_WARN_QUOTED_INCLUDE_IN_FRAMEWORK_HEADER = YES;
				CLANG_WARN_RANGE_LOOP_ANALYSIS = YES;
				CLANG_WARN_STRICT_PROTOTYPES = YES;
				CLANG_WARN_SUSPICIOUS_MOVE = YES;
				CLANG_WARN_UNGUARDED_AVAILABILITY = YES_AGGRESSIVE;
				CLANG_WARN_UNREACHABLE_CODE = YES;
				CLANG_WARN__DUPLICATE_METHOD_MATCH = YES;
				COPY_PHASE_STRIP = NO;
				DEBUG_INFORMATION_FORMAT = dwarf;
				ENABLE_STRICT_OBJC_MSGSEND = YES;
				ENABLE_TESTABILITY = YES;
				GCC_C_LANGUAGE_STANDARD = gnu11;
				GCC_DYNAMIC_NO_PIC = NO;
				GCC_NO_COMMON_BLOCKS = YES;
				GCC_OPTIMIZATION_LEVEL = 0;
				GCC_PREPROCESSOR_DEFINITIONS = (
					"DEBUG=1",
					"$(inherited)",
				);
				GCC_WARN_64_TO_32_BIT_CONVERSION = YES;
				GCC_WARN_ABOUT_RETURN_TYPE = YES_ERROR;
				GCC_WARN_UNDECLARED_SELECTOR = YES;
				GCC_WARN_UNINITIALIZED_AUTOS = YES_AGGRESSIVE;
				GCC_WARN_UNUSED_FUNCTION = YES;
				GCC_WARN_UNUSED_VARIABLE = YES;
				IPHONEOS_DEPLOYMENT_TARGET = 14.0;
				MTL_ENABLE_DEBUG_INFO = INCLUDE_SOURCE;
				MTL_FAST_MATH = YES;
				ONLY_ACTIVE_ARCH = YES;
				SDKROOT = iphoneos;
				SWIFT_ACTIVE_COMPILATION_CONDITIONS = DEBUG;
				SWIFT_OPTIMIZATION_LEVEL = "-Onone";
			};
			name = Debug;
		};
		AA4DEA322568F25A00F28364 /* Release */ = {
			isa = XCBuildConfiguration;
			buildSettings = {
				ALWAYS_SEARCH_USER_PATHS = NO;
				CLANG_ANALYZER_NONNULL = YES;
				CLANG_ANALYZER_NUMBER_OBJECT_CONVERSION = YES_AGGRESSIVE;
				CLANG_CXX_LANGUAGE_STANDARD = "gnu++14";
				CLANG_CXX_LIBRARY = "libc++";
				CLANG_ENABLE_MODULES = YES;
				CLANG_ENABLE_OBJC_ARC = YES;
				CLANG_ENABLE_OBJC_WEAK = YES;
				CLANG_WARN_BLOCK_CAPTURE_AUTORELEASING = YES;
				CLANG_WARN_BOOL_CONVERSION = YES;
				CLANG_WARN_COMMA = YES;
				CLANG_WARN_CONSTANT_CONVERSION = YES;
				CLANG_WARN_DEPRECATED_OBJC_IMPLEMENTATIONS = YES;
				CLANG_WARN_DIRECT_OBJC_ISA_USAGE = YES_ERROR;
				CLANG_WARN_DOCUMENTATION_COMMENTS = YES;
				CLANG_WARN_EMPTY_BODY = YES;
				CLANG_WARN_ENUM_CONVERSION = YES;
				CLANG_WARN_INFINITE_RECURSION = YES;
				CLANG_WARN_INT_CONVERSION = YES;
				CLANG_WARN_NON_LITERAL_NULL_CONVERSION = YES;
				CLANG_WARN_OBJC_IMPLICIT_RETAIN_SELF = YES;
				CLANG_WARN_OBJC_LITERAL_CONVERSION = YES;
				CLANG_WARN_OBJC_ROOT_CLASS = YES_ERROR;
				CLANG_WARN_QUOTED_INCLUDE_IN_FRAMEWORK_HEADER = YES;
				CLANG_WARN_RANGE_LOOP_ANALYSIS = YES;
				CLANG_WARN_STRICT_PROTOTYPES = YES;
				CLANG_WARN_SUSPICIOUS_MOVE = YES;
				CLANG_WARN_UNGUARDED_AVAILABILITY = YES_AGGRESSIVE;
				CLANG_WARN_UNREACHABLE_CODE = YES;
				CLANG_WARN__DUPLICATE_METHOD_MATCH = YES;
				COPY_PHASE_STRIP = NO;
				DEBUG_INFORMATION_FORMAT = "dwarf-with-dsym";
				ENABLE_NS_ASSERTIONS = NO;
				ENABLE_STRICT_OBJC_MSGSEND = YES;
				GCC_C_LANGUAGE_STANDARD = gnu11;
				GCC_NO_COMMON_BLOCKS = YES;
				GCC_WARN_64_TO_32_BIT_CONVERSION = YES;
				GCC_WARN_ABOUT_RETURN_TYPE = YES_ERROR;
				GCC_WARN_UNDECLARED_SELECTOR = YES;
				GCC_WARN_UNINITIALIZED_AUTOS = YES_AGGRESSIVE;
				GCC_WARN_UNUSED_FUNCTION = YES;
				GCC_WARN_UNUSED_VARIABLE = YES;
				IPHONEOS_DEPLOYMENT_TARGET = 14.0;
				MTL_ENABLE_DEBUG_INFO = NO;
				MTL_FAST_MATH = YES;
				SDKROOT = iphoneos;
				SWIFT_COMPILATION_MODE = wholemodule;
				SWIFT_OPTIMIZATION_LEVEL = "-O";
				VALIDATE_PRODUCT = YES;
			};
			name = Release;
		};
		AA4DEA342568F25A00F28364 /* Debug */ = {
			isa = XCBuildConfiguration;
			buildSettings = {
				ASSETCATALOG_COMPILER_APPICON_NAME = AppIcon;
				ASSETCATALOG_COMPILER_GLOBAL_ACCENT_COLOR_NAME = AccentColor;
				CODE_SIGN_STYLE = Automatic;
				DEVELOPMENT_ASSET_PATHS = "\"OOP-Tutorial/Preview Content\"";
				ENABLE_PREVIEWS = YES;
				INFOPLIST_FILE = "OOP-Tutorial/Info.plist";
				IPHONEOS_DEPLOYMENT_TARGET = 14.0;
				LD_RUNPATH_SEARCH_PATHS = (
					"$(inherited)",
					"@executable_path/Frameworks",
				);
				PRODUCT_BUNDLE_IDENTIFIER = "N-A.OOP-Tutorial";
				PRODUCT_NAME = "$(TARGET_NAME)";
				SWIFT_VERSION = 5.0;
				TARGETED_DEVICE_FAMILY = "1,2";
			};
			name = Debug;
		};
		AA4DEA352568F25A00F28364 /* Release */ = {
			isa = XCBuildConfiguration;
			buildSettings = {
				ASSETCATALOG_COMPILER_APPICON_NAME = AppIcon;
				ASSETCATALOG_COMPILER_GLOBAL_ACCENT_COLOR_NAME = AccentColor;
				CODE_SIGN_STYLE = Automatic;
				DEVELOPMENT_ASSET_PATHS = "\"OOP-Tutorial/Preview Content\"";
				ENABLE_PREVIEWS = YES;
				INFOPLIST_FILE = "OOP-Tutorial/Info.plist";
				IPHONEOS_DEPLOYMENT_TARGET = 14.0;
				LD_RUNPATH_SEARCH_PATHS = (
					"$(inherited)",
					"@executable_path/Frameworks",
				);
				PRODUCT_BUNDLE_IDENTIFIER = "N-A.OOP-Tutorial";
				PRODUCT_NAME = "$(TARGET_NAME)";
				SWIFT_VERSION = 5.0;
				TARGETED_DEVICE_FAMILY = "1,2";
			};
			name = Release;
		};
		AA4DEA372568F25A00F28364 /* Debug */ = {
			isa = XCBuildConfiguration;
			buildSettings = {
				ALWAYS_EMBED_SWIFT_STANDARD_LIBRARIES = YES;
				BUNDLE_LOADER = "$(TEST_HOST)";
				CODE_SIGN_STYLE = Automatic;
				INFOPLIST_FILE = "OOP-TutorialTests/Info.plist";
				IPHONEOS_DEPLOYMENT_TARGET = 14.0;
				LD_RUNPATH_SEARCH_PATHS = (
					"$(inherited)",
					"@executable_path/Frameworks",
					"@loader_path/Frameworks",
				);
				PRODUCT_BUNDLE_IDENTIFIER = "N-A.OOP-TutorialTests";
				PRODUCT_NAME = "$(TARGET_NAME)";
				SWIFT_VERSION = 5.0;
				TARGETED_DEVICE_FAMILY = "1,2";
				TEST_HOST = "$(BUILT_PRODUCTS_DIR)/OOP-Tutorial.app/OOP-Tutorial";
			};
			name = Debug;
		};
		AA4DEA382568F25A00F28364 /* Release */ = {
			isa = XCBuildConfiguration;
			buildSettings = {
				ALWAYS_EMBED_SWIFT_STANDARD_LIBRARIES = YES;
				BUNDLE_LOADER = "$(TEST_HOST)";
				CODE_SIGN_STYLE = Automatic;
				INFOPLIST_FILE = "OOP-TutorialTests/Info.plist";
				IPHONEOS_DEPLOYMENT_TARGET = 14.0;
				LD_RUNPATH_SEARCH_PATHS = (
					"$(inherited)",
					"@executable_path/Frameworks",
					"@loader_path/Frameworks",
				);
				PRODUCT_BUNDLE_IDENTIFIER = "N-A.OOP-TutorialTests";
				PRODUCT_NAME = "$(TARGET_NAME)";
				SWIFT_VERSION = 5.0;
				TARGETED_DEVICE_FAMILY = "1,2";
				TEST_HOST = "$(BUILT_PRODUCTS_DIR)/OOP-Tutorial.app/OOP-Tutorial";
			};
			name = Release;
		};
		AA4DEA3A2568F25A00F28364 /* Debug */ = {
			isa = XCBuildConfiguration;
			buildSettings = {
				ALWAYS_EMBED_SWIFT_STANDARD_LIBRARIES = YES;
				CODE_SIGN_STYLE = Automatic;
				INFOPLIST_FILE = "OOP-TutorialUITests/Info.plist";
				LD_RUNPATH_SEARCH_PATHS = (
					"$(inherited)",
					"@executable_path/Frameworks",
					"@loader_path/Frameworks",
				);
				PRODUCT_BUNDLE_IDENTIFIER = "N-A.OOP-TutorialUITests";
				PRODUCT_NAME = "$(TARGET_NAME)";
				SWIFT_VERSION = 5.0;
				TARGETED_DEVICE_FAMILY = "1,2";
				TEST_TARGET_NAME = "OOP-Tutorial";
			};
			name = Debug;
		};
		AA4DEA3B2568F25A00F28364 /* Release */ = {
			isa = XCBuildConfiguration;
			buildSettings = {
				ALWAYS_EMBED_SWIFT_STANDARD_LIBRARIES = YES;
				CODE_SIGN_STYLE = Automatic;
				INFOPLIST_FILE = "OOP-TutorialUITests/Info.plist";
				LD_RUNPATH_SEARCH_PATHS = (
					"$(inherited)",
					"@executable_path/Frameworks",
					"@loader_path/Frameworks",
				);
				PRODUCT_BUNDLE_IDENTIFIER = "N-A.OOP-TutorialUITests";
				PRODUCT_NAME = "$(TARGET_NAME)";
				SWIFT_VERSION = 5.0;
				TARGETED_DEVICE_FAMILY = "1,2";
				TEST_TARGET_NAME = "OOP-Tutorial";
			};
			name = Release;
		};
/* End XCBuildConfiguration section */

/* Begin XCConfigurationList section */
		AA4DEA092568F25500F28364 /* Build configuration list for PBXProject "OOP-Tutorial" */ = {
			isa = XCConfigurationList;
			buildConfigurations = (
				AA4DEA312568F25A00F28364 /* Debug */,
				AA4DEA322568F25A00F28364 /* Release */,
			);
			defaultConfigurationIsVisible = 0;
			defaultConfigurationName = Release;
		};
		AA4DEA332568F25A00F28364 /* Build configuration list for PBXNativeTarget "OOP-Tutorial" */ = {
			isa = XCConfigurationList;
			buildConfigurations = (
				AA4DEA342568F25A00F28364 /* Debug */,
				AA4DEA352568F25A00F28364 /* Release */,
			);
			defaultConfigurationIsVisible = 0;
			defaultConfigurationName = Release;
		};
		AA4DEA362568F25A00F28364 /* Build configuration list for PBXNativeTarget "OOP-TutorialTests" */ = {
			isa = XCConfigurationList;
			buildConfigurations = (
				AA4DEA372568F25A00F28364 /* Debug */,
				AA4DEA382568F25A00F28364 /* Release */,
			);
			defaultConfigurationIsVisible = 0;
			defaultConfigurationName = Release;
		};
		AA4DEA392568F25A00F28364 /* Build configuration list for PBXNativeTarget "OOP-TutorialUITests" */ = {
			isa = XCConfigurationList;
			buildConfigurations = (
				AA4DEA3A2568F25A00F28364 /* Debug */,
				AA4DEA3B2568F25A00F28364 /* Release */,
			);
			defaultConfigurationIsVisible = 0;
			defaultConfigurationName = Release;
		};
/* End XCConfigurationList section */
	};
	rootObject = AA4DEA062568F25500F28364 /* Project object */;
}
